
Microsoft Visual Studio Solution File, Format Version 12.00
# Visual Studio Version 17
VisualStudioVersion = 17.7.34009.444
MinimumVisualStudioVersion = 10.0.40219.1
Project("{FAE04EC0-301F-11D3-BF4B-00C04F79EFBC}") = "jbposs", "jbposs.csproj", "{06668A08-53F2-4E15-87B1-4E32F2DF5595}"
EndProject
Global
	GlobalSection(SolutionConfigurationPlatforms) = preSolution
		Debug|Any CPU = Debug|Any CPU
		Release|Any CPU = Release|Any CPU
	EndGlobalSection
	GlobalSection(ProjectConfigurationPlatforms) = postSolution
		{06668A08-53F2-4E15-87B1-4E32F2DF5595}.Debug|Any CPU.ActiveCfg = Debug|Any CPU
		{06668A08-53F2-4E15-87B1-4E32F2DF5595}.Debug|Any CPU.Build.0 = Debug|Any CPU
		{06668A08-53F2-4E15-87B1-4E32F2DF5595}.Release|Any CPU.ActiveCfg = Release|Any CPU
		{06668A08-53F2-4E15-87B1-4E32F2DF5595}.Release|Any CPU.Build.0 = Release|Any CPU
	EndGlobalSection
	GlobalSection(SolutionProperties) = preSolution
		HideSolutionNode = FALSE
	EndGlobalSection
	GlobalSection(ExtensibilityGlobals) = postSolution
		SolutionGuid = {DC8461DE-0078-4B44-8D6D-297468CF21D5}
	EndGlobalSection
EndGlobal
